
Microsoft Visual Studio Solution File, Format Version 12.00
# Visual Studio 15
VisualStudioVersion = 15.0.28307.902
MinimumVisualStudioVersion = 10.0.40219.1
Project("{FAE04EC0-301F-11D3-BF4B-00C04F79EFBC}") = "Helloworld", "Helloworld\Helloworld.csproj", "{37DE8EEF-5453-4303-B020-B8881BD18CB0}"
EndProject
Global
	GlobalSection(SolutionConfigurationPlatforms) = preSolution
		Debug|Any CPU = Debug|Any CPU
		Release|Any CPU = Release|Any CPU
	EndGlobalSection
	GlobalSection(ProjectConfigurationPlatforms) = postSolution
		{37DE8EEF-5453-4303-B020-B8881BD18CB0}.Debug|Any CPU.ActiveCfg = Debug|Any CPU
		{37DE8EEF-5453-4303-B020-B8881BD18CB0}.Debug|Any CPU.Build.0 = Debug|Any CPU
		{37DE8EEF-5453-4303-B020-B8881BD18CB0}.Release|Any CPU.ActiveCfg = Release|Any CPU
		{37DE8EEF-5453-4303-B020-B8881BD18CB0}.Release|Any CPU.Build.0 = Release|Any CPU
	EndGlobalSection
	GlobalSection(SolutionProperties) = preSolution
		HideSolutionNode = FALSE
	EndGlobalSection
	GlobalSection(ExtensibilityGlobals) = postSolution
		SolutionGuid = {28C6BAD6-7C9F-457B-B74B-E549DFD63332}
	EndGlobalSection
EndGlobal
